
Microsoft Visual Studio Solution File, Format Version 12.00
# Visual Studio Version 16
VisualStudioVersion = 16.0.31424.327
MinimumVisualStudioVersion = 10.0.40219.1
Project("{FAE04EC0-301F-11D3-BF4B-00C04F79EFBC}") = "Transporter", "Transporter\Transporter.csproj", "{15E16FE1-177C-49E3-B282-5C72133A79CE}"
EndProject
Global
	GlobalSection(SolutionConfigurationPlatforms) = preSolution
		Debug|Any CPU = Debug|Any CPU
		Release|Any CPU = Release|Any CPU
	EndGlobalSection
	GlobalSection(ProjectConfigurationPlatforms) = postSolution
		{15E16FE1-177C-49E3-B282-5C72133A79CE}.Debug|Any CPU.ActiveCfg = Debug|Any CPU
		{15E16FE1-177C-49E3-B282-5C72133A79CE}.Debug|Any CPU.Build.0 = Debug|Any CPU
		{15E16FE1-177C-49E3-B282-5C72133A79CE}.Release|Any CPU.ActiveCfg = Release|Any CPU
		{15E16FE1-177C-49E3-B282-5C72133A79CE}.Release|Any CPU.Build.0 = Release|Any CPU
	EndGlobalSection
	GlobalSection(SolutionProperties) = preSolution
		HideSolutionNode = FALSE
	EndGlobalSection
	GlobalSection(ExtensibilityGlobals) = postSolution
		SolutionGuid = {92F93C36-29A7-4262-B4C6-3F36A6B3ADE3}
	EndGlobalSection
EndGlobal
